
Microsoft Visual Studio Solution File, Format Version 12.00
# Visual Studio 15
VisualStudioVersion = 15.0.28010.2048
MinimumVisualStudioVersion = 10.0.40219.1
Project("{FAE04EC0-301F-11D3-BF4B-00C04F79EFBC}") = "HAP-DotNet-Core", "HAP-DotNet-Core\HAP-DotNet-Core.csproj", "{15A4EFD2-27E5-42B6-939B-48798F499573}"
EndProject
Global
	GlobalSection(SolutionConfigurationPlatforms) = preSolution
		Debug|Any CPU = Debug|Any CPU
		Release|Any CPU = Release|Any CPU
	EndGlobalSection
	GlobalSection(ProjectConfigurationPlatforms) = postSolution
		{15A4EFD2-27E5-42B6-939B-48798F499573}.Debug|Any CPU.ActiveCfg = Debug|Any CPU
		{15A4EFD2-27E5-42B6-939B-48798F499573}.Debug|Any CPU.Build.0 = Debug|Any CPU
		{15A4EFD2-27E5-42B6-939B-48798F499573}.Release|Any CPU.ActiveCfg = Release|Any CPU
		{15A4EFD2-27E5-42B6-939B-48798F499573}.Release|Any CPU.Build.0 = Release|Any CPU
	EndGlobalSection
	GlobalSection(SolutionProperties) = preSolution
		HideSolutionNode = FALSE
	EndGlobalSection
	GlobalSection(ExtensibilityGlobals) = postSolution
		SolutionGuid = {71F1AEC4-C57B-4887-AF2C-C22C6F07F786}
	EndGlobalSection
EndGlobal
